
Microsoft Visual Studio Solution File, Format Version 12.00
# Visual Studio 15
VisualStudioVersion = 15.0.27428.2015
MinimumVisualStudioVersion = 10.0.40219.1
Project("{FAE04EC0-301F-11D3-BF4B-00C04F79EFBC}") = "MailinatorForward", "MailinatorForward\MailinatorForward.csproj", "{46ACE5C5-7A35-4A8C-A263-846D35631DAA}"
EndProject
Global
	GlobalSection(SolutionConfigurationPlatforms) = preSolution
		Debug|Any CPU = Debug|Any CPU
		Release|Any CPU = Release|Any CPU
	EndGlobalSection
	GlobalSection(ProjectConfigurationPlatforms) = postSolution
		{46ACE5C5-7A35-4A8C-A263-846D35631DAA}.Debug|Any CPU.ActiveCfg = Debug|Any CPU
		{46ACE5C5-7A35-4A8C-A263-846D35631DAA}.Debug|Any CPU.Build.0 = Debug|Any CPU
		{46ACE5C5-7A35-4A8C-A263-846D35631DAA}.Release|Any CPU.ActiveCfg = Release|Any CPU
		{46ACE5C5-7A35-4A8C-A263-846D35631DAA}.Release|Any CPU.Build.0 = Release|Any CPU
	EndGlobalSection
	GlobalSection(SolutionProperties) = preSolution
		HideSolutionNode = FALSE
	EndGlobalSection
	GlobalSection(ExtensibilityGlobals) = postSolution
		SolutionGuid = {C06CFC0E-AB58-439B-A5C0-34753383BE29}
	EndGlobalSection
EndGlobal
